PODS:
  - Alamofire (5.0.2)
  - ApplicasterIAP (0.0.5)
  - CAM (3.5.0):
    - ApplicasterIAP
    - ZappPlugins (>= 11.1.2)
  - CAMStarterKit (2.0.0):
    - Alamofire
    - CAM (~> 3.5.0)
    - ZappPlugins
  - ZappCore (0.8.3)
  - ZappPlugins (11.6.0):
    - ZappCore

DEPENDENCIES:
  - CAM (from `/Users/brel/Documents/ZappLoginPluginCleeng/Submodules/CAM/CAM.podspec`)
  - CAMStarterKit (from `../ContentAccessPluginsStarterKit/CAMStarterKit.podspec`)

SPEC REPOS:
  "git@github.com:applicaster/applicaster-iap-framework.git":
    - ApplicasterIAP
  "git@github.com:applicaster/CocoaPods.git":
    - ZappCore
    - ZappPlugins
  https://cdn.cocoapods.org/:
    - Alamofire

EXTERNAL SOURCES:
  CAM:
    :path: "/Users/brel/Documents/ZappLoginPluginCleeng/Submodules/CAM/CAM.podspec"
  CAMStarterKit:
    :path: "../ContentAccessPluginsStarterKit/CAMStarterKit.podspec"

SPEC CHECKSUMS:
  Alamofire: 3ba7a4db18b4f62c4a1c0e1cb39d7f3d52e10ada
  ApplicasterIAP: 52b26e42126693cf42926b8d9e86fd4445533ee8
  CAM: 3622f8265e97e7fd2ec3733b7b8ad50efeba15fd
  CAMStarterKit: be18d8d42d298196037b630067cdb9ed30fd81eb
  ZappCore: 628a56faa834d6fb48c8f38a43e31c96420d9f9c
  ZappPlugins: c31b785a68534fcaaea2c5c60982ffb4313b03b6

PODFILE CHECKSUM: 5e454257fc0fae57c9d54caa627a015b7d92f994

COCOAPODS: 1.8.4
